// !$*UTF8*$!
{
	archiveVersion = 1;
	classes = {
	};
	objectVersion = 46;
	objects = {

/* Begin PBXBuildFile section */
		2B1D28B31E73822000740A9F /* AppDelegate.swift in Sources */ = {isa = PBXBuildFile; fileRef = 2B1D28B21E73822000740A9F /* AppDelegate.swift */; };
		2B1D28B51E73822000740A9F /* ViewController.swift in Sources */ = {isa = PBXBuildFile; fileRef = 2B1D28B41E73822000740A9F /* ViewController.swift */; };
		2B1D28B81E73822000740A9F /* Main.storyboard in Resources */ = {isa = PBXBuildFile; fileRef = 2B1D28B61E73822000740A9F /* Main.storyboard */; };
		2B1D28BB1E73822100740A9F /* tipster.xcdatamodeld in Sources */ = {isa = PBXBuildFile; fileRef = 2B1D28B91E73822100740A9F /* tipster.xcdatamodeld */; };
		2B1D28BD1E73822100740A9F /* Assets.xcassets in Resources */ = {isa = PBXBuildFile; fileRef = 2B1D28BC1E73822100740A9F /* Assets.xcassets */; };
		2B1D28C01E73822100740A9F /* LaunchScreen.storyboard in Resources */ = {isa = PBXBuildFile; fileRef = 2B1D28BE1E73822100740A9F /* LaunchScreen.storyboard */; };
		2B1D28CB1E73822100740A9F /* tipsterTests.swift in Sources */ = {isa = PBXBuildFile; fileRef = 2B1D28CA1E73822100740A9F /* tipsterTests.swift */; };
		2B1D28D61E73822100740A9F /* tipsterUITests.swift in Sources */ = {isa = PBXBuildFile; fileRef = 2B1D28D51E73822100740A9F /* tipsterUITests.swift */; };
/* End PBXBuildFile section */

/* Begin PBXContainerItemProxy section */
		2B1D28C71E73822100740A9F /* PBXContainerItemProxy */ = {
			isa = PBXContainerItemProxy;
			containerPortal = 2B1D28A71E73822000740A9F /* Project object */;
			proxyType = 1;
			remoteGlobalIDString = 2B1D28AE1E73822000740A9F;
			remoteInfo = tipster;
		};
		2B1D28D21E73822100740A9F /* PBXContainerItemProxy */ = {
			isa = PBXContainerItemProxy;
			containerPortal = 2B1D28A71E73822000740A9F /* Project object */;
			proxyType = 1;
			remoteGlobalIDString = 2B1D28AE1E73822000740A9F;
			remoteInfo = tipster;
		};
/* End PBXContainerItemProxy section */

/* Begin PBXFileReference section */
		2B1D28AF1E73822000740A9F /* tipster.app */ = {isa = PBXFileReference; explicitFileType = wrapper.application; includeInIndex = 0; path = tipster.app; sourceTree = BUILT_PRODUCTS_DIR; };
		2B1D28B21E73822000740A9F /* AppDelegate.swift */ = {isa = PBXFileReference; lastKnownFileType = sourcecode.swift; path = AppDelegate.swift; sourceTree = "<group>"; };
		2B1D28B41E73822000740A9F /* ViewController.swift */ = {isa = PBXFileReference; lastKnownFileType = sourcecode.swift; path = ViewController.swift; sourceTree = "<group>"; };
		2B1D28B71E73822000740A9F /* Base */ = {isa = PBXFileReference; lastKnownFileType = file.storyboard; name = Base; path = Base.lproj/Main.storyboard; sourceTree = "<group>"; };
		2B1D28BA1E73822100740A9F /* tipster.xcdatamodel */ = {isa = PBXFileReference; lastKnownFileType = wrapper.xcdatamodel; path = tipster.xcdatamodel; sourceTree = "<group>"; };
		2B1D28BC1E73822100740A9F /* Assets.xcassets */ = {isa = PBXFileReference; lastKnownFileType = folder.assetcatalog; path = Assets.xcassets; sourceTree = "<group>"; };
		2B1D28BF1E73822100740A9F /* Base */ = {isa = PBXFileReference; lastKnownFileType = file.storyboard; name = Base; path = Base.lproj/LaunchScreen.storyboard; sourceTree = "<group>"; };
		2B1D28C11E73822100740A9F /* Info.plist */ = {isa = PBXFileReference; lastKnownFileType = text.plist.xml; path = Info.plist; sourceTree = "<group>"; };
		2B1D28C61E73822100740A9F /* tipsterTests.xctest */ = {isa = PBXFileReference; explicitFileType = wrapper.cfbundle; includeInIndex = 0; path = tipsterTests.xctest; sourceTree = BUILT_PRODUCTS_DIR; };
		2B1D28CA1E73822100740A9F /* tipsterTests.swift */ = {isa = PBXFileReference; lastKnownFileType = sourcecode.swift; path = tipsterTests.swift; sourceTree = "<group>"; };
		2B1D28CC1E73822100740A9F /* Info.plist */ = {isa = PBXFileReference; lastKnownFileType = text.plist.xml; path = Info.plist; sourceTree = "<group>"; };
		2B1D28D11E73822100740A9F /* tipsterUITests.xctest */ = {isa = PBXFileReference; explicitFileType = wrapper.cfbundle; includeInIndex = 0; path = tipsterUITests.xctest; sourceTree = BUILT_PRODUCTS_DIR; };
		2B1D28D51E73822100740A9F /* tipsterUITests.swift */ = {isa = PBXFileReference; lastKnownFileType = sourcecode.swift; path = tipsterUITests.swift; sourceTree = "<group>"; };
		2B1D28D71E73822100740A9F /* Info.plist */ = {isa = PBXFileReference; lastKnownFileType = text.plist.xml; path = Info.plist; sourceTree = "<group>"; };
/* End PBXFileReference section */

/* Begin PBXFrameworksBuildPhase section */
		2B1D28AC1E73822000740A9F /* Frameworks */ = {
			isa = PBXFrameworksBuildPhase;
			buildActionMask = 2147483647;
			files = (
			);
			runOnlyForDeploymentPostprocessing = 0;
		};
		2B1D28C31E73822100740A9F /* Frameworks */ = {
			isa = PBXFrameworksBuildPhase;
			buildActionMask = 2147483647;
			files = (
			);
			runOnlyForDeploymentPostprocessing = 0;
		};
		2B1D28CE1E73822100740A9F /* Frameworks */ = {
			isa = PBXFrameworksBuildPhase;
			buildActionMask = 2147483647;
			files = (
			);
			runOnlyForDeploymentPostprocessing = 0;
		};
/* End PBXFrameworksBuildPhase section */

/* Begin PBXGroup section */
		2B1D28A61E73822000740A9F = {
			isa = PBXGroup;
			children = (
				2B1D28B11E73822000740A9F /* tipster */,
				2B1D28C91E73822100740A9F /* tipsterTests */,
				2B1D28D41E73822100740A9F /* tipsterUITests */,
				2B1D28B01E73822000740A9F /* Products */,
			);
			sourceTree = "<group>";
		};
		2B1D28B01E73822000740A9F /* Products */ = {
			isa = PBXGroup;
			children = (
				2B1D28AF1E73822000740A9F /* tipster.app */,
				2B1D28C61E73822100740A9F /* tipsterTests.xctest */,
				2B1D28D11E73822100740A9F /* tipsterUITests.xctest */,
			);
			name = Products;
			sourceTree = "<group>";
		};
		2B1D28B11E73822000740A9F /* tipster */ = {
			isa = PBXGroup;
			children = (
				2B1D28B21E73822000740A9F /* AppDelegate.swift */,
				2B1D28B41E73822000740A9F /* ViewController.swift */,
				2B1D28B61E73822000740A9F /* Main.storyboard */,
				2B1D28BC1E73822100740A9F /* Assets.xcassets */,
				2B1D28BE1E73822100740A9F /* LaunchScreen.storyboard */,
				2B1D28C11E73822100740A9F /* Info.plist */,
				2B1D28B91E73822100740A9F /* tipster.xcdatamodeld */,
			);
			path = tipster;
			sourceTree = "<group>";
		};
		2B1D28C91E73822100740A9F /* tipsterTests */ = {
			isa = PBXGroup;
			children = (
				2B1D28CA1E73822100740A9F /* tipsterTests.swift */,
				2B1D28CC1E73822100740A9F /* Info.plist */,
			);
			path = tipsterTests;
			sourceTree = "<group>";
		};
		2B1D28D41E73822100740A9F /* tipsterUITests */ = {
			isa = PBXGroup;
			children = (
				2B1D28D51E73822100740A9F /* tipsterUITests.swift */,
				2B1D28D71E73822100740A9F /* Info.plist */,
			);
			path = tipsterUITests;
			sourceTree = "<group>";
		};
/* End PBXGroup section */

/* Begin PBXNativeTarget section */
		2B1D28AE1E73822000740A9F /* tipster */ = {
			isa = PBXNativeTarget;
			buildConfigurationList = 2B1D28DA1E73822100740A9F /* Build configuration list for PBXNativeTarget "tipster" */;
			buildPhases = (
				2B1D28AB1E73822000740A9F /* Sources */,
				2B1D28AC1E73822000740A9F /* Frameworks */,
				2B1D28AD1E73822000740A9F /* Resources */,
			);
			buildRules = (
			);
			dependencies = (
			);
			name = tipster;
			productName = tipster;
			productReference = 2B1D28AF1E73822000740A9F /* tipster.app */;
			productType = "com.apple.product-type.application";
		};
		2B1D28C51E73822100740A9F /* tipsterTests */ = {
			isa = PBXNativeTarget;
			buildConfigurationList = 2B1D28DD1E73822100740A9F /* Build configuration list for PBXNativeTarget "tipsterTests" */;
			buildPhases = (
				2B1D28C21E73822100740A9F /* Sources */,
				2B1D28C31E73822100740A9F /* Frameworks */,
				2B1D28C41E73822100740A9F /* Resources */,
			);
			buildRules = (
			);
			dependencies = (
				2B1D28C81E73822100740A9F /* PBXTargetDependency */,
			);
			name = tipsterTests;
			productName = tipsterTests;
			productReference = 2B1D28C61E73822100740A9F /* tipsterTests.xctest */;
			productType = "com.apple.product-type.bundle.unit-test";
		};
		2B1D28D01E73822100740A9F /* tipsterUITests */ = {
			isa = PBXNativeTarget;
			buildConfigurationList = 2B1D28E01E73822100740A9F /* Build configuration list for PBXNativeTarget "tipsterUITests" */;
			buildPhases = (
				2B1D28CD1E73822100740A9F /* Sources */,
				2B1D28CE1E73822100740A9F /* Frameworks */,
				2B1D28CF1E73822100740A9F /* Resources */,
			);
			buildRules = (
			);
			dependencies = (
				2B1D28D31E73822100740A9F /* PBXTargetDependency */,
			);
			name = tipsterUITests;
			productName = tipsterUITests;
			productReference = 2B1D28D11E73822100740A9F /* tipsterUITests.xctest */;
			productType = "com.apple.product-type.bundle.ui-testing";
		};
/* End PBXNativeTarget section */

/* Begin PBXProject section */
		2B1D28A71E73822000740A9F /* Project object */ = {
			isa = PBXProject;
			attributes = {
				LastSwiftUpdateCheck = 0820;
				LastUpgradeCheck = 0820;
				ORGANIZATIONNAME = "CARROLL YU";
				TargetAttributes = {
					2B1D28AE1E73822000740A9F = {
						CreatedOnToolsVersion = 8.2.1;
						ProvisioningStyle = Automatic;
					};
					2B1D28C51E73822100740A9F = {
						CreatedOnToolsVersion = 8.2.1;
						ProvisioningStyle = Automatic;
						TestTargetID = 2B1D28AE1E73822000740A9F;
					};
					2B1D28D01E73822100740A9F = {
						CreatedOnToolsVersion = 8.2.1;
						ProvisioningStyle = Automatic;
						TestTargetID = 2B1D28AE1E73822000740A9F;
					};
				};
			};
			buildConfigurationList = 2B1D28AA1E73822000740A9F /* Build configuration list for PBXProject "tipster" */;
			compatibilityVersion = "Xcode 3.2";
			developmentRegion = English;
			hasScannedForEncodings = 0;
			knownRegions = (
				en,
				Base,
			);
			mainGroup = 2B1D28A61E73822000740A9F;
			productRefGroup = 2B1D28B01E73822000740A9F /* Products */;
			projectDirPath = "";
			projectRoot = "";
			targets = (
				2B1D28AE1E73822000740A9F /* tipster */,
				2B1D28C51E73822100740A9F /* tipsterTests */,
				2B1D28D01E73822100740A9F /* tipsterUITests */,
			);
		};
/* End PBXProject section */

/* Begin PBXResourcesBuildPhase section */
		2B1D28AD1E73822000740A9F /* Resources */ = {
			isa = PBXResourcesBuildPhase;
			buildActionMask = 2147483647;
			files = (
				2B1D28C01E73822100740A9F /* LaunchScreen.storyboard in Resources */,
				2B1D28BD1E73822100740A9F /* Assets.xcassets in Resources */,
				2B1D28B81E73822000740A9F /* Main.storyboard in Resources */,
			);
			runOnlyForDeploymentPostprocessing = 0;
		};
		2B1D28C41E73822100740A9F /* Resources */ = {
			isa = PBXResourcesBuildPhase;
			buildActionMask = 2147483647;
			files = (
			);
			runOnlyForDeploymentPostprocessing = 0;
		};
		2B1D28CF1E73822100740A9F /* Resources */ = {
			isa = PBXResourcesBuildPhase;
			buildActionMask = 2147483647;
			files = (
			);
			runOnlyForDeploymentPostprocessing = 0;
		};
/* End PBXResourcesBuildPhase section */

/* Begin PBXSourcesBuildPhase section */
		2B1D28AB1E73822000740A9F /* Sources */ = {
			isa = PBXSourcesBuildPhase;
			buildActionMask = 2147483647;
			files = (
				2B1D28B51E73822000740A9F /* ViewController.swift in Sources */,
				2B1D28B31E73822000740A9F /* AppDelegate.swift in Sources */,
				2B1D28BB1E73822100740A9F /* tipster.xcdatamodeld in Sources */,
			);
			runOnlyForDeploymentPostprocessing = 0;
		};
		2B1D28C21E73822100740A9F /* Sources */ = {
			isa = PBXSourcesBuildPhase;
			buildActionMask = 2147483647;
			files = (
				2B1D28CB1E73822100740A9F /* tipsterTests.swift in Sources */,
			);
			runOnlyForDeploymentPostprocessing = 0;
		};
		2B1D28CD1E73822100740A9F /* Sources */ = {
			isa = PBXSourcesBuildPhase;
			buildActionMask = 2147483647;
			files = (
				2B1D28D61E73822100740A9F /* tipsterUITests.swift in Sources */,
			);
			runOnlyForDeploymentPostprocessing = 0;
		};
/* End PBXSourcesBuildPhase section */

/* Begin PBXTargetDependency section */
		2B1D28C81E73822100740A9F /* PBXTargetDependency */ = {
			isa = PBXTargetDependency;
			target = 2B1D28AE1E73822000740A9F /* tipster */;
			targetProxy = 2B1D28C71E73822100740A9F /* PBXContainerItemProxy */;
		};
		2B1D28D31E73822100740A9F /* PBXTargetDependency */ = {
			isa = PBXTargetDependency;
			target = 2B1D28AE1E73822000740A9F /* tipster */;
			targetProxy = 2B1D28D21E73822100740A9F /* PBXContainerItemProxy */;
		};
/* End PBXTargetDependency section */

/* Begin PBXVariantGroup section */
		2B1D28B61E73822000740A9F /* Main.storyboard */ = {
			isa = PBXVariantGroup;
			children = (
				2B1D28B71E73822000740A9F /* Base */,
			);
			name = Main.storyboard;
			sourceTree = "<group>";
		};
		2B1D28BE1E73822100740A9F /* LaunchScreen.storyboard */ = {
			isa = PBXVariantGroup;
			children = (
				2B1D28BF1E73822100740A9F /* Base */,
			);
			name = LaunchScreen.storyboard;
			sourceTree = "<group>";
		};
/* End PBXVariantGroup section */

/* Begin XCBuildConfiguration section */
		2B1D28D81E73822100740A9F /* Debug */ = {
			isa = XCBuildConfiguration;
			buildSettings = {
				ALWAYS_SEARCH_USER_PATHS = NO;
				CLANG_ANALYZER_NONNULL = YES;
				CLANG_CXX_LANGUAGE_STANDARD = "gnu++0x";
				CLANG_CXX_LIBRARY = "libc++";
				CLANG_ENABLE_MODULES = YES;
				CLANG_ENABLE_OBJC_ARC = YES;
				CLANG_WARN_BOOL_CONVERSION = YES;
				CLANG_WARN_CONSTANT_CONVERSION = YES;
				CLANG_WARN_DIRECT_OBJC_ISA_USAGE = YES_ERROR;
				CLANG_WARN_DOCUMENTATION_COMMENTS = YES;
				CLANG_WARN_EMPTY_BODY = YES;
				CLANG_WARN_ENUM_CONVERSION = YES;
				CLANG_WARN_INFINITE_RECURSION = YES;
				CLANG_WARN_INT_CONVERSION = YES;
				CLANG_WARN_OBJC_ROOT_CLASS = YES_ERROR;
				CLANG_WARN_SUSPICIOUS_MOVE = YES;
				CLANG_WARN_UNREACHABLE_CODE = YES;
				CLANG_WARN__DUPLICATE_METHOD_MATCH = YES;
				"CODE_SIGN_IDENTITY[sdk=iphoneos*]" = "iPhone Developer";
				COPY_PHASE_STRIP = NO;
				DEBUG_INFORMATION_FORMAT = dwarf;
				ENABLE_STRICT_OBJC_MSGSEND = YES;
				ENABLE_TESTABILITY = YES;
				GCC_C_LANGUAGE_STANDARD = gnu99;
				GCC_DYNAMIC_NO_PIC = NO;
				GCC_NO_COMMON_BLOCKS = YES;
				GCC_OPTIMIZATION_LEVEL = 0;
				GCC_PREPROCESSOR_DEFINITIONS = (
					"DEBUG=1",
					"$(inherited)",
				);
				GCC_WARN_64_TO_32_BIT_CONVERSION = YES;
				GCC_WARN_ABOUT_RETURN_TYPE = YES_ERROR;
				GCC_WARN_UNDECLARED_SELECTOR = YES;
				GCC_WARN_UNINITIALIZED_AUTOS = YES_AGGRESSIVE;
				GCC_WARN_UNUSED_FUNCTION = YES;
				GCC_WARN_UNUSED_VARIABLE = YES;
				IPHONEOS_DEPLOYMENT_TARGET = 10.2;
				MTL_ENABLE_DEBUG_INFO = YES;
				ONLY_ACTIVE_ARCH = YES;
				SDKROOT = iphoneos;
				SWIFT_ACTIVE_COMPILATION_CONDITIONS = DEBUG;
				SWIFT_OPTIMIZATION_LEVEL = "-Onone";
				TARGETED_DEVICE_FAMILY = "1,2";
			};
			name = Debug;
		};
		2B1D28D91E73822100740A9F /* Release */ = {
			isa = XCBuildConfiguration;
			buildSettings = {
				ALWAYS_SEARCH_USER_PATHS = NO;
				CLANG_ANALYZER_NONNULL = YES;
				CLANG_CXX_LANGUAGE_STANDARD = "gnu++0x";
				CLANG_CXX_LIBRARY = "libc++";
				CLANG_ENABLE_MODULES = YES;
				CLANG_ENABLE_OBJC_ARC = YES;
				CLANG_WARN_BOOL_CONVERSION = YES;
				CLANG_WARN_CONSTANT_CONVERSION = YES;
				CLANG_WARN_DIRECT_OBJC_ISA_USAGE = YES_ERROR;
				CLANG_WARN_DOCUMENTATION_COMMENTS = YES;
				CLANG_WARN_EMPTY_BODY = YES;
				CLANG_WARN_ENUM_CONVERSION = YES;
				CLANG_WARN_INFINITE_RECURSION = YES;
				CLANG_WARN_INT_CONVERSION = YES;
				CLANG_WARN_OBJC_ROOT_CLASS = YES_ERROR;
				CLANG_WARN_SUSPICIOUS_MOVE = YES;
				CLANG_WARN_UNREACHABLE_CODE = YES;
				CLANG_WARN__DUPLICATE_METHOD_MATCH = YES;
				"CODE_SIGN_IDENTITY[sdk=iphoneos*]" = "iPhone Developer";
				COPY_PHASE_STRIP = NO;
				DEBUG_INFORMATION_FORMAT = "dwarf-with-dsym";
				ENABLE_NS_ASSERTIONS = NO;
				ENABLE_STRICT_OBJC_MSGSEND = YES;
				GCC_C_LANGUAGE_STANDARD = gnu99;
				GCC_NO_COMMON_BLOCKS = YES;
				GCC_WARN_64_TO_32_BIT_CONVERSION = YES;
				GCC_WARN_ABOUT_RETURN_TYPE = YES_ERROR;
				GCC_WARN_UNDECLARED_SELECTOR = YES;
				GCC_WARN_UNINITIALIZED_AUTOS = YES_AGGRESSIVE;
				GCC_WARN_UNUSED_FUNCTION = YES;
				GCC_WARN_UNUSED_VARIABLE = YES;
				IPHONEOS_DEPLOYMENT_TARGET = 10.2;
				MTL_ENABLE_DEBUG_INFO = NO;
				SDKROOT = iphoneos;
				SWIFT_OPTIMIZATION_LEVEL = "-Owholemodule";
				TARGETED_DEVICE_FAMILY = "1,2";
				VALIDATE_PRODUCT = YES;
			};
			name = Release;
		};
		2B1D28DB1E73822100740A9F /* Debug */ = {
			isa = XCBuildConfiguration;
			buildSettings = {
				ASSETCATALOG_COMPILER_APPICON_NAME = AppIcon;
				INFOPLIST_FILE = tipster/Info.plist;
				LD_RUNPATH_SEARCH_PATHS = "$(inherited) @executable_path/Frameworks";
				PRODUCT_BUNDLE_IDENTIFIER = com.codepath.tipster;
				PRODUCT_NAME = "$(TARGET_NAME)";
				SWIFT_VERSION = 3.0;
			};
			name = Debug;
		};
		2B1D28DC1E73822100740A9F /* Release */ = {
			isa = XCBuildConfiguration;
			buildSettings = {
				ASSETCATALOG_COMPILER_APPICON_NAME = AppIcon;
				INFOPLIST_FILE = tipster/Info.plist;
				LD_RUNPATH_SEARCH_PATHS = "$(inherited) @executable_path/Frameworks";
				PRODUCT_BUNDLE_IDENTIFIER = com.codepath.tipster;
				PRODUCT_NAME = "$(TARGET_NAME)";
				SWIFT_VERSION = 3.0;
			};
			name = Release;
		};
		2B1D28DE1E73822100740A9F /* Debug */ = {
			isa = XCBuildConfiguration;
			buildSettings = {
				ALWAYS_EMBED_SWIFT_STANDARD_LIBRARIES = YES;
				BUNDLE_LOADER = "$(TEST_HOST)";
				INFOPLIST_FILE = tipsterTests/Info.plist;
				LD_RUNPATH_SEARCH_PATHS = "$(inherited) @executable_path/Frameworks @loader_path/Frameworks";
				PRODUCT_BUNDLE_IDENTIFIER = com.codepath.tipsterTests;
				PRODUCT_NAME = "$(TARGET_NAME)";
				SWIFT_VERSION = 3.0;
				TEST_HOST = "$(BUILT_PRODUCTS_DIR)/tipster.app/tipster";
			};
			name = Debug;
		};
		2B1D28DF1E73822100740A9F /* Release */ = {
			isa = XCBuildConfiguration;
			buildSettings = {
				ALWAYS_EMBED_SWIFT_STANDARD_LIBRARIES = YES;
				BUNDLE_LOADER = "$(TEST_HOST)";
				INFOPLIST_FILE = tipsterTests/Info.plist;
				LD_RUNPATH_SEARCH_PATHS = "$(inherited) @executable_path/Frameworks @loader_path/Frameworks";
				PRODUCT_BUNDLE_IDENTIFIER = com.codepath.tipsterTests;
				PRODUCT_NAME = "$(TARGET_NAME)";
				SWIFT_VERSION = 3.0;
				TEST_HOST = "$(BUILT_PRODUCTS_DIR)/tipster.app/tipster";
			};
			name = Release;
		};
		2B1D28E11E73822100740A9F /* Debug */ = {
			isa = XCBuildConfiguration;
			buildSettings = {
				ALWAYS_EMBED_SWIFT_STANDARD_LIBRARIES = YES;
				INFOPLIST_FILE = tipsterUITests/Info.plist;
				LD_RUNPATH_SEARCH_PATHS = "$(inherited) @executable_path/Frameworks @loader_path/Frameworks";
				PRODUCT_BUNDLE_IDENTIFIER = com.codepath.tipsterUITests;
				PRODUCT_NAME = "$(TARGET_NAME)";
				SWIFT_VERSION = 3.0;
				TEST_TARGET_NAME = tipster;
			};
			name = Debug;
		};
		2B1D28E21E73822100740A9F /* Release */ = {
			isa = XCBuildConfiguration;
			buildSettings = {
				ALWAYS_EMBED_SWIFT_STANDARD_LIBRARIES = YES;
				INFOPLIST_FILE = tipsterUITests/Info.plist;
				LD_RUNPATH_SEARCH_PATHS = "$(inherited) @executable_path/Frameworks @loader_path/Frameworks";
				PRODUCT_BUNDLE_IDENTIFIER = com.codepath.tipsterUITests;
				PRODUCT_NAME = "$(TARGET_NAME)";
				SWIFT_VERSION = 3.0;
				TEST_TARGET_NAME = tipster;
			};
			name = Release;
		};
/* End XCBuildConfiguration section */

/* Begin XCConfigurationList section */
		2B1D28AA1E73822000740A9F /* Build configuration list for PBXProject "tipster" */ = {
			isa = XCConfigurationList;
			buildConfigurations = (
				2B1D28D81E73822100740A9F /* Debug */,
				2B1D28D91E73822100740A9F /* Release */,
			);
			defaultConfigurationIsVisible = 0;
			defaultConfigurationName = Release;
		};
		2B1D28DA1E73822100740A9F /* Build configuration list for PBXNativeTarget "tipster" */ = {
			isa = XCConfigurationList;
			buildConfigurations = (
				2B1D28DB1E73822100740A9F /* Debug */,
				2B1D28DC1E73822100740A9F /* Release */,
			);
			defaultConfigurationIsVisible = 0;
		};
		2B1D28DD1E73822100740A9F /* Build configuration list for PBXNativeTarget "tipsterTests" */ = {
			isa = XCConfigurationList;
			buildConfigurations = (
				2B1D28DE1E73822100740A9F /* Debug */,
				2B1D28DF1E73822100740A9F /* Release */,
			);
			defaultConfigurationIsVisible = 0;
		};
		2B1D28E01E73822100740A9F /* Build configuration list for PBXNativeTarget "tipsterUITests" */ = {
			isa = XCConfigurationList;
			buildConfigurations = (
				2B1D28E11E73822100740A9F /* Debug */,
				2B1D28E21E73822100740A9F /* Release */,
			);
			defaultConfigurationIsVisible = 0;
		};
/* End XCConfigurationList section */

/* Begin XCVersionGroup section */
		2B1D28B91E73822100740A9F /* tipster.xcdatamodeld */ = {
			isa = XCVersionGroup;
			children = (
				2B1D28BA1E73822100740A9F /* tipster.xcdatamodel */,
			);
			currentVersion = 2B1D28BA1E73822100740A9F /* tipster.xcdatamodel */;
			path = tipster.xcdatamodeld;
			sourceTree = "<group>";
			versionGroupType = wrapper.xcdatamodel;
		};
/* End XCVersionGroup section */
	};
	rootObject = 2B1D28A71E73822000740A9F /* Project object */;
}
